
Microsoft Visual Studio Solution File, Format Version 12.00
# Visual Studio Version 17
VisualStudioVersion = 17.2.32526.322
MinimumVisualStudioVersion = 10.0.40219.1
Project("{FAE04EC0-301F-11D3-BF4B-00C04F79EFBC}") = "MovieTracker", "MovieTracker.csproj", "{F9DD0EE2-D34F-4C6E-BF7B-8175AF6D49F7}"
EndProject
Global
	GlobalSection(SolutionConfigurationPlatforms) = preSolution
		Debug|Any CPU = Debug|Any CPU
		Release|Any CPU = Release|Any CPU
	EndGlobalSection
	GlobalSection(ProjectConfigurationPlatforms) = postSolution
		{F9DD0EE2-D34F-4C6E-BF7B-8175AF6D49F7}.Debug|Any CPU.ActiveCfg = Debug|Any CPU
		{F9DD0EE2-D34F-4C6E-BF7B-8175AF6D49F7}.Debug|Any CPU.Build.0 = Debug|Any CPU
		{F9DD0EE2-D34F-4C6E-BF7B-8175AF6D49F7}.Release|Any CPU.ActiveCfg = Release|Any CPU
		{F9DD0EE2-D34F-4C6E-BF7B-8175AF6D49F7}.Release|Any CPU.Build.0 = Release|Any CPU
	EndGlobalSection
	GlobalSection(SolutionProperties) = preSolution
		HideSolutionNode = FALSE
	EndGlobalSection
	GlobalSection(ExtensibilityGlobals) = postSolution
		SolutionGuid = {548EC8DD-F351-4204-BB70-D4795E6FA2BC}
	EndGlobalSection
EndGlobal
